
Microsoft Visual Studio Solution File, Format Version 12.00
# Visual Studio 2012
Project("{FAE04EC0-301F-11D3-BF4B-00C04F79EFBC}") = "Sigil", "Sigil\Sigil.csproj", "{6053AEAD-828C-4137-96C5-3D3CFDBE3432}"
EndProject
Project("{FAE04EC0-301F-11D3-BF4B-00C04F79EFBC}") = "SigilTests", "SigilTests\SigilTests.csproj", "{53266E21-FEBB-4155-9937-75B909134D5E}"
EndProject
Global
	GlobalSection(SolutionConfigurationPlatforms) = preSolution
		Debug|Any CPU = Debug|Any CPU
		Release|Any CPU = Release|Any CPU
	EndGlobalSection
	GlobalSection(ProjectConfigurationPlatforms) = postSolution
		{6053AEAD-828C-4137-96C5-3D3CFDBE3432}.Debug|Any CPU.ActiveCfg = Debug|Any CPU
		{6053AEAD-828C-4137-96C5-3D3CFDBE3432}.Debug|Any CPU.Build.0 = Debug|Any CPU
		{6053AEAD-828C-4137-96C5-3D3CFDBE3432}.Release|Any CPU.ActiveCfg = Release|Any CPU
		{6053AEAD-828C-4137-96C5-3D3CFDBE3432}.Release|Any CPU.Build.0 = Release|Any CPU
		{53266E21-FEBB-4155-9937-75B909134D5E}.Debug|Any CPU.ActiveCfg = Debug|Any CPU
		{53266E21-FEBB-4155-9937-75B909134D5E}.Debug|Any CPU.Build.0 = Debug|Any CPU
		{53266E21-FEBB-4155-9937-75B909134D5E}.Release|Any CPU.ActiveCfg = Release|Any CPU
		{53266E21-FEBB-4155-9937-75B909134D5E}.Release|Any CPU.Build.0 = Release|Any CPU
	EndGlobalSection
	GlobalSection(SolutionProperties) = preSolution
		HideSolutionNode = FALSE
	EndGlobalSection
EndGlobal
